
Microsoft Visual Studio Solution File, Format Version 12.00
# Visual Studio Version 17
VisualStudioVersion = 17.6.33712.159
MinimumVisualStudioVersion = 10.0.40219.1
Project("{2150E333-8FDC-42A3-9474-1A3956D46DE8}") = "Magazine.Presentation", "Magazine.Presentation", "{A8E03C4D-B044-4292-9F64-58195B7F2E8C}"
EndProject
Project("{2150E333-8FDC-42A3-9474-1A3956D46DE8}") = "Magazine.Core", "Magazine.Core", "{EC77B2D1-991B-490F-AFA4-2284AA888DE2}"
EndProject
Project("{9A19103F-16F7-4668-BE54-9A1E7A4F7556}") = "Magazine.Domain", "Magazine.Domain\Magazine.Domain.csproj", "{024D8F08-211C-42CE-8A85-308684585C68}"
EndProject
Project("{2150E333-8FDC-42A3-9474-1A3956D46DE8}") = "Infrastacture", "Infrastacture", "{88CB8B79-AD79-4AC8-BBC4-7220CE405B67}"
EndProject
Project("{9A19103F-16F7-4668-BE54-9A1E7A4F7556}") = "Magazine.Persistance", "Magazine.Persistance\Magazine.Persistance.csproj", "{A28DB57C-E4E1-4002-BF80-5FB4534C004D}"
EndProject
Project("{9A19103F-16F7-4668-BE54-9A1E7A4F7556}") = "WebApi", "WebApi\WebApi.csproj", "{A7CBE435-8604-4356-B1DF-BD5C77B59F06}"
EndProject
Global
	GlobalSection(SolutionConfigurationPlatforms) = preSolution
		Debug|Any CPU = Debug|Any CPU
		Release|Any CPU = Release|Any CPU
	EndGlobalSection
	GlobalSection(ProjectConfigurationPlatforms) = postSolution
		{024D8F08-211C-42CE-8A85-308684585C68}.Debug|Any CPU.ActiveCfg = Debug|Any CPU
		{024D8F08-211C-42CE-8A85-308684585C68}.Debug|Any CPU.Build.0 = Debug|Any CPU
		{024D8F08-211C-42CE-8A85-308684585C68}.Release|Any CPU.ActiveCfg = Release|Any CPU
		{024D8F08-211C-42CE-8A85-308684585C68}.Release|Any CPU.Build.0 = Release|Any CPU
		{A28DB57C-E4E1-4002-BF80-5FB4534C004D}.Debug|Any CPU.ActiveCfg = Debug|Any CPU
		{A28DB57C-E4E1-4002-BF80-5FB4534C004D}.Debug|Any CPU.Build.0 = Debug|Any CPU
		{A28DB57C-E4E1-4002-BF80-5FB4534C004D}.Release|Any CPU.ActiveCfg = Release|Any CPU
		{A28DB57C-E4E1-4002-BF80-5FB4534C004D}.Release|Any CPU.Build.0 = Release|Any CPU
		{A7CBE435-8604-4356-B1DF-BD5C77B59F06}.Debug|Any CPU.ActiveCfg = Debug|Any CPU
		{A7CBE435-8604-4356-B1DF-BD5C77B59F06}.Debug|Any CPU.Build.0 = Debug|Any CPU
		{A7CBE435-8604-4356-B1DF-BD5C77B59F06}.Release|Any CPU.ActiveCfg = Release|Any CPU
		{A7CBE435-8604-4356-B1DF-BD5C77B59F06}.Release|Any CPU.Build.0 = Release|Any CPU
	EndGlobalSection
	GlobalSection(SolutionProperties) = preSolution
		HideSolutionNode = FALSE
	EndGlobalSection
	GlobalSection(NestedProjects) = preSolution
		{024D8F08-211C-42CE-8A85-308684585C68} = {EC77B2D1-991B-490F-AFA4-2284AA888DE2}
		{A28DB57C-E4E1-4002-BF80-5FB4534C004D} = {88CB8B79-AD79-4AC8-BBC4-7220CE405B67}
		{A7CBE435-8604-4356-B1DF-BD5C77B59F06} = {A8E03C4D-B044-4292-9F64-58195B7F2E8C}
	EndGlobalSection
	GlobalSection(ExtensibilityGlobals) = postSolution
		SolutionGuid = {2F964DB5-7DEE-49AC-815F-B69407424DA3}
	EndGlobalSection
EndGlobal
